
Microsoft Visual Studio Solution File, Format Version 12.00
# Visual Studio Version 17
VisualStudioVersion = 17.6.33723.286
MinimumVisualStudioVersion = 10.0.40219.1
Project("{FAE04EC0-301F-11D3-BF4B-00C04F79EFBC}") = "InsuranceApp", "InsuranceApp\InsuranceApp.csproj", "{FCB43003-13E9-42D7-8C75-D2AF05FE41F1}"
EndProject
Global
	GlobalSection(SolutionConfigurationPlatforms) = preSolution
		Debug|Any CPU = Debug|Any CPU
		Release|Any CPU = Release|Any CPU
	EndGlobalSection
	GlobalSection(ProjectConfigurationPlatforms) = postSolution
		{FCB43003-13E9-42D7-8C75-D2AF05FE41F1}.Debug|Any CPU.ActiveCfg = Debug|Any CPU
		{FCB43003-13E9-42D7-8C75-D2AF05FE41F1}.Debug|Any CPU.Build.0 = Debug|Any CPU
		{FCB43003-13E9-42D7-8C75-D2AF05FE41F1}.Release|Any CPU.ActiveCfg = Release|Any CPU
		{FCB43003-13E9-42D7-8C75-D2AF05FE41F1}.Release|Any CPU.Build.0 = Release|Any CPU
	EndGlobalSection
	GlobalSection(SolutionProperties) = preSolution
		HideSolutionNode = FALSE
	EndGlobalSection
	GlobalSection(ExtensibilityGlobals) = postSolution
		SolutionGuid = {4D82FEA4-23A3-4105-8045-6DF6804EE32D}
	EndGlobalSection
EndGlobal
